
Microsoft Visual Studio Solution File, Format Version 12.00
# Visual Studio Version 16
VisualStudioVersion = 16.0.33423.256
MinimumVisualStudioVersion = 10.0.40219.1
Project("{FAE04EC0-301F-11D3-BF4B-00C04F79EFBC}") = "WebApplication4", "WebApplication4\WebApplication4.csproj", "{983C9460-9CD2-4073-B947-84BDB5A6A6F6}"
EndProject
Global
	GlobalSection(SolutionConfigurationPlatforms) = preSolution
		Debug|Any CPU = Debug|Any CPU
		Release|Any CPU = Release|Any CPU
	EndGlobalSection
	GlobalSection(ProjectConfigurationPlatforms) = postSolution
		{983C9460-9CD2-4073-B947-84BDB5A6A6F6}.Debug|Any CPU.ActiveCfg = Debug|Any CPU
		{983C9460-9CD2-4073-B947-84BDB5A6A6F6}.Debug|Any CPU.Build.0 = Debug|Any CPU
		{983C9460-9CD2-4073-B947-84BDB5A6A6F6}.Release|Any CPU.ActiveCfg = Release|Any CPU
		{983C9460-9CD2-4073-B947-84BDB5A6A6F6}.Release|Any CPU.Build.0 = Release|Any CPU
	EndGlobalSection
	GlobalSection(SolutionProperties) = preSolution
		HideSolutionNode = FALSE
	EndGlobalSection
	GlobalSection(ExtensibilityGlobals) = postSolution
		SolutionGuid = {D57553D7-3D74-4D29-BD82-DF293AB18CE7}
	EndGlobalSection
EndGlobal
